// !$*UTF8*$!
{
	archiveVersion = 1;
	classes = {
	};
	objectVersion = 50;
	objects = {

/* Begin PBXBuildFile section */
		331797022264D300007BF5BE /* Parser.swift in Sources */ = {isa = PBXBuildFile; fileRef = 331797012264D2FF007BF5BE /* Parser.swift */; };
		3318871B2264A8FC00AFFF28 /* CityLocalization.swift in Sources */ = {isa = PBXBuildFile; fileRef = 3318871A2264A8FC00AFFF28 /* CityLocalization.swift */; };
		331C03EF2261778200173FE8 /* AppDelegate.swift in Sources */ = {isa = PBXBuildFile; fileRef = 331C03EE2261778200173FE8 /* AppDelegate.swift */; };
		331C03F12261778200173FE8 /* ViewController.swift in Sources */ = {isa = PBXBuildFile; fileRef = 331C03F02261778200173FE8 /* ViewController.swift */; };
		331C03F42261778200173FE8 /* Main.storyboard in Resources */ = {isa = PBXBuildFile; fileRef = 331C03F22261778200173FE8 /* Main.storyboard */; };
		331C03F62261778500173FE8 /* Assets.xcassets in Resources */ = {isa = PBXBuildFile; fileRef = 331C03F52261778500173FE8 /* Assets.xcassets */; };
		331C03F92261778500173FE8 /* LaunchScreen.storyboard in Resources */ = {isa = PBXBuildFile; fileRef = 331C03F72261778500173FE8 /* LaunchScreen.storyboard */; };
		334FA57E226221CE0003CD84 /* CityWeather.swift in Sources */ = {isa = PBXBuildFile; fileRef = 334FA57D226221CE0003CD84 /* CityWeather.swift */; };
		334FA580226224940003CD84 /* WeatherState.swift in Sources */ = {isa = PBXBuildFile; fileRef = 334FA57F226224940003CD84 /* WeatherState.swift */; };
/* End PBXBuildFile section */

/* Begin PBXFileReference section */
		331797012264D2FF007BF5BE /* Parser.swift */ = {isa = PBXFileReference; lastKnownFileType = sourcecode.swift; path = Parser.swift; sourceTree = "<group>"; };
		3318871A2264A8FC00AFFF28 /* CityLocalization.swift */ = {isa = PBXFileReference; lastKnownFileType = sourcecode.swift; path = CityLocalization.swift; sourceTree = "<group>"; };
		331C03EB2261778200173FE8 /* WeatherApp.app */ = {isa = PBXFileReference; explicitFileType = wrapper.application; includeInIndex = 0; path = WeatherApp.app; sourceTree = BUILT_PRODUCTS_DIR; };
		331C03EE2261778200173FE8 /* AppDelegate.swift */ = {isa = PBXFileReference; lastKnownFileType = sourcecode.swift; path = AppDelegate.swift; sourceTree = "<group>"; };
		331C03F02261778200173FE8 /* ViewController.swift */ = {isa = PBXFileReference; lastKnownFileType = sourcecode.swift; path = ViewController.swift; sourceTree = "<group>"; };
		331C03F32261778200173FE8 /* Base */ = {isa = PBXFileReference; lastKnownFileType = file.storyboard; name = Base; path = Base.lproj/Main.storyboard; sourceTree = "<group>"; };
		331C03F52261778500173FE8 /* Assets.xcassets */ = {isa = PBXFileReference; lastKnownFileType = folder.assetcatalog; path = Assets.xcassets; sourceTree = "<group>"; };
		331C03F82261778500173FE8 /* Base */ = {isa = PBXFileReference; lastKnownFileType = file.storyboard; name = Base; path = Base.lproj/LaunchScreen.storyboard; sourceTree = "<group>"; };
		331C03FA2261778500173FE8 /* Info.plist */ = {isa = PBXFileReference; lastKnownFileType = text.plist.xml; path = Info.plist; sourceTree = "<group>"; };
		334FA57D226221CE0003CD84 /* CityWeather.swift */ = {isa = PBXFileReference; lastKnownFileType = sourcecode.swift; path = CityWeather.swift; sourceTree = "<group>"; };
		334FA57F226224940003CD84 /* WeatherState.swift */ = {isa = PBXFileReference; lastKnownFileType = sourcecode.swift; path = WeatherState.swift; sourceTree = "<group>"; };
/* End PBXFileReference section */

/* Begin PBXFrameworksBuildPhase section */
		331C03E82261778200173FE8 /* Frameworks */ = {
			isa = PBXFrameworksBuildPhase;
			buildActionMask = 2147483647;
			files = (
			);
			runOnlyForDeploymentPostprocessing = 0;
		};
/* End PBXFrameworksBuildPhase section */

/* Begin PBXGroup section */
		331C03E22261778200173FE8 = {
			isa = PBXGroup;
			children = (
				331C03ED2261778200173FE8 /* WeatherApp */,
				331C03EC2261778200173FE8 /* Products */,
			);
			sourceTree = "<group>";
		};
		331C03EC2261778200173FE8 /* Products */ = {
			isa = PBXGroup;
			children = (
				331C03EB2261778200173FE8 /* WeatherApp.app */,
			);
			name = Products;
			sourceTree = "<group>";
		};
		331C03ED2261778200173FE8 /* WeatherApp */ = {
			isa = PBXGroup;
			children = (
				334FA57C226221650003CD84 /* Controller */,
				334FA57B2262215E0003CD84 /* View */,
				334FA57A226221440003CD84 /* Model */,
				331C03EE2261778200173FE8 /* AppDelegate.swift */,
				331C03F22261778200173FE8 /* Main.storyboard */,
				331C03F52261778500173FE8 /* Assets.xcassets */,
				331C03F72261778500173FE8 /* LaunchScreen.storyboard */,
				331C03FA2261778500173FE8 /* Info.plist */,
			);
			path = WeatherApp;
			sourceTree = "<group>";
		};
		334FA57A226221440003CD84 /* Model */ = {
			isa = PBXGroup;
			children = (
				334FA57D226221CE0003CD84 /* CityWeather.swift */,
				334FA57F226224940003CD84 /* WeatherState.swift */,
				3318871A2264A8FC00AFFF28 /* CityLocalization.swift */,
			);
			path = Model;
			sourceTree = "<group>";
		};
		334FA57B2262215E0003CD84 /* View */ = {
			isa = PBXGroup;
			children = (
			);
			path = View;
			sourceTree = "<group>";
		};
		334FA57C226221650003CD84 /* Controller */ = {
			isa = PBXGroup;
			children = (
				331C03F02261778200173FE8 /* ViewController.swift */,
				331797012264D2FF007BF5BE /* Parser.swift */,
			);
			path = Controller;
			sourceTree = "<group>";
		};
/* End PBXGroup section */

/* Begin PBXNativeTarget section */
		331C03EA2261778200173FE8 /* WeatherApp */ = {
			isa = PBXNativeTarget;
			buildConfigurationList = 331C03FD2261778500173FE8 /* Build configuration list for PBXNativeTarget "WeatherApp" */;
			buildPhases = (
				331C03E72261778200173FE8 /* Sources */,
				331C03E82261778200173FE8 /* Frameworks */,
				331C03E92261778200173FE8 /* Resources */,
			);
			buildRules = (
			);
			dependencies = (
			);
			name = WeatherApp;
			productName = WeatherApp;
			productReference = 331C03EB2261778200173FE8 /* WeatherApp.app */;
			productType = "com.apple.product-type.application";
		};
/* End PBXNativeTarget section */

/* Begin PBXProject section */
		331C03E32261778200173FE8 /* Project object */ = {
			isa = PBXProject;
			attributes = {
				LastSwiftUpdateCheck = 1020;
				LastUpgradeCheck = 1020;
				ORGANIZATIONNAME = WeatherApp;
				TargetAttributes = {
					331C03EA2261778200173FE8 = {
						CreatedOnToolsVersion = 10.2;
					};
				};
			};
			buildConfigurationList = 331C03E62261778200173FE8 /* Build configuration list for PBXProject "WeatherApp" */;
			compatibilityVersion = "Xcode 9.3";
			developmentRegion = en;
			hasScannedForEncodings = 0;
			knownRegions = (
				en,
				Base,
			);
			mainGroup = 331C03E22261778200173FE8;
			productRefGroup = 331C03EC2261778200173FE8 /* Products */;
			projectDirPath = "";
			projectRoot = "";
			targets = (
				331C03EA2261778200173FE8 /* WeatherApp */,
			);
		};
/* End PBXProject section */

/* Begin PBXResourcesBuildPhase section */
		331C03E92261778200173FE8 /* Resources */ = {
			isa = PBXResourcesBuildPhase;
			buildActionMask = 2147483647;
			files = (
				331C03F92261778500173FE8 /* LaunchScreen.storyboard in Resources */,
				331C03F62261778500173FE8 /* Assets.xcassets in Resources */,
				331C03F42261778200173FE8 /* Main.storyboard in Resources */,
			);
			runOnlyForDeploymentPostprocessing = 0;
		};
/* End PBXResourcesBuildPhase section */

/* Begin PBXSourcesBuildPhase section */
		331C03E72261778200173FE8 /* Sources */ = {
			isa = PBXSourcesBuildPhase;
			buildActionMask = 2147483647;
			files = (
				334FA57E226221CE0003CD84 /* CityWeather.swift in Sources */,
				331C03F12261778200173FE8 /* ViewController.swift in Sources */,
				331797022264D300007BF5BE /* Parser.swift in Sources */,
				334FA580226224940003CD84 /* WeatherState.swift in Sources */,
				331C03EF2261778200173FE8 /* AppDelegate.swift in Sources */,
				3318871B2264A8FC00AFFF28 /* CityLocalization.swift in Sources */,
			);
			runOnlyForDeploymentPostprocessing = 0;
		};
/* End PBXSourcesBuildPhase section */

/* Begin PBXVariantGroup section */
		331C03F22261778200173FE8 /* Main.storyboard */ = {
			isa = PBXVariantGroup;
			children = (
				331C03F32261778200173FE8 /* Base */,
			);
			name = Main.storyboard;
			sourceTree = "<group>";
		};
		331C03F72261778500173FE8 /* LaunchScreen.storyboard */ = {
			isa = PBXVariantGroup;
			children = (
				331C03F82261778500173FE8 /* Base */,
			);
			name = LaunchScreen.storyboard;
			sourceTree = "<group>";
		};
/* End PBXVariantGroup section */

/* Begin XCBuildConfiguration section */
		331C03FB2261778500173FE8 /* Debug */ = {
			isa = XCBuildConfiguration;
			buildSettings = {
				ALWAYS_SEARCH_USER_PATHS = NO;
				CLANG_ANALYZER_NONNULL = YES;
				CLANG_ANALYZER_NUMBER_OBJECT_CONVERSION = YES_AGGRESSIVE;
				CLANG_CXX_LANGUAGE_STANDARD = "gnu++14";
				CLANG_CXX_LIBRARY = "libc++";
				CLANG_ENABLE_MODULES = YES;
				CLANG_ENABLE_OBJC_ARC = YES;
				CLANG_ENABLE_OBJC_WEAK = YES;
				CLANG_WARN_BLOCK_CAPTURE_AUTORELEASING = YES;
				CLANG_WARN_BOOL_CONVERSION = YES;
				CLANG_WARN_COMMA = YES;
				CLANG_WARN_CONSTANT_CONVERSION = YES;
				CLANG_WARN_DEPRECATED_OBJC_IMPLEMENTATIONS = YES;
				CLANG_WARN_DIRECT_OBJC_ISA_USAGE = YES_ERROR;
				CLANG_WARN_DOCUMENTATION_COMMENTS = YES;
				CLANG_WARN_EMPTY_BODY = YES;
				CLANG_WARN_ENUM_CONVERSION = YES;
				CLANG_WARN_INFINITE_RECURSION = YES;
				CLANG_WARN_INT_CONVERSION = YES;
				CLANG_WARN_NON_LITERAL_NULL_CONVERSION = YES;
				CLANG_WARN_OBJC_IMPLICIT_RETAIN_SELF = YES;
				CLANG_WARN_OBJC_LITERAL_CONVERSION = YES;
				CLANG_WARN_OBJC_ROOT_CLASS = YES_ERROR;
				CLANG_WARN_RANGE_LOOP_ANALYSIS = YES;
				CLANG_WARN_STRICT_PROTOTYPES = YES;
				CLANG_WARN_SUSPICIOUS_MOVE = YES;
				CLANG_WARN_UNGUARDED_AVAILABILITY = YES_AGGRESSIVE;
				CLANG_WARN_UNREACHABLE_CODE = YES;
				CLANG_WARN__DUPLICATE_METHOD_MATCH = YES;
				CODE_SIGN_IDENTITY = "iPhone Developer";
				COPY_PHASE_STRIP = NO;
				DEBUG_INFORMATION_FORMAT = dwarf;
				ENABLE_STRICT_OBJC_MSGSEND = YES;
				ENABLE_TESTABILITY = YES;
				GCC_C_LANGUAGE_STANDARD = gnu11;
				GCC_DYNAMIC_NO_PIC = NO;
				GCC_NO_COMMON_BLOCKS = YES;
				GCC_OPTIMIZATION_LEVEL = 0;
				GCC_PREPROCESSOR_DEFINITIONS = (
					"DEBUG=1",
					"$(inherited)",
				);
				GCC_WARN_64_TO_32_BIT_CONVERSION = YES;
				GCC_WARN_ABOUT_RETURN_TYPE = YES_ERROR;
				GCC_WARN_UNDECLARED_SELECTOR = YES;
				GCC_WARN_UNINITIALIZED_AUTOS = YES_AGGRESSIVE;
				GCC_WARN_UNUSED_FUNCTION = YES;
				GCC_WARN_UNUSED_VARIABLE = YES;
				IPHONEOS_DEPLOYMENT_TARGET = 12.2;
				MTL_ENABLE_DEBUG_INFO = INCLUDE_SOURCE;
				MTL_FAST_MATH = YES;
				ONLY_ACTIVE_ARCH = YES;
				SDKROOT = iphoneos;
				SWIFT_ACTIVE_COMPILATION_CONDITIONS = DEBUG;
				SWIFT_OPTIMIZATION_LEVEL = "-Onone";
			};
			name = Debug;
		};
		331C03FC2261778500173FE8 /* Release */ = {
			isa = XCBuildConfiguration;
			buildSettings = {
				ALWAYS_SEARCH_USER_PATHS = NO;
				CLANG_ANALYZER_NONNULL = YES;
				CLANG_ANALYZER_NUMBER_OBJECT_CONVERSION = YES_AGGRESSIVE;
				CLANG_CXX_LANGUAGE_STANDARD = "gnu++14";
				CLANG_CXX_LIBRARY = "libc++";
				CLANG_ENABLE_MODULES = YES;
				CLANG_ENABLE_OBJC_ARC = YES;
				CLANG_ENABLE_OBJC_WEAK = YES;
				CLANG_WARN_BLOCK_CAPTURE_AUTORELEASING = YES;
				CLANG_WARN_BOOL_CONVERSION = YES;
				CLANG_WARN_COMMA = YES;
				CLANG_WARN_CONSTANT_CONVERSION = YES;
				CLANG_WARN_DEPRECATED_OBJC_IMPLEMENTATIONS = YES;
				CLANG_WARN_DIRECT_OBJC_ISA_USAGE = YES_ERROR;
				CLANG_WARN_DOCUMENTATION_COMMENTS = YES;
				CLANG_WARN_EMPTY_BODY = YES;
				CLANG_WARN_ENUM_CONVERSION = YES;
				CLANG_WARN_INFINITE_RECURSION = YES;
				CLANG_WARN_INT_CONVERSION = YES;
				CLANG_WARN_NON_LITERAL_NULL_CONVERSION = YES;
				CLANG_WARN_OBJC_IMPLICIT_RETAIN_SELF = YES;
				CLANG_WARN_OBJC_LITERAL_CONVERSION = YES;
				CLANG_WARN_OBJC_ROOT_CLASS = YES_ERROR;
				CLANG_WARN_RANGE_LOOP_ANALYSIS = YES;
				CLANG_WARN_STRICT_PROTOTYPES = YES;
				CLANG_WARN_SUSPICIOUS_MOVE = YES;
				CLANG_WARN_UNGUARDED_AVAILABILITY = YES_AGGRESSIVE;
				CLANG_WARN_UNREACHABLE_CODE = YES;
				CLANG_WARN__DUPLICATE_METHOD_MATCH = YES;
				CODE_SIGN_IDENTITY = "iPhone Developer";
				COPY_PHASE_STRIP = NO;
				DEBUG_INFORMATION_FORMAT = "dwarf-with-dsym";
				ENABLE_NS_ASSERTIONS = NO;
				ENABLE_STRICT_OBJC_MSGSEND = YES;
				GCC_C_LANGUAGE_STANDARD = gnu11;
				GCC_NO_COMMON_BLOCKS = YES;
				GCC_WARN_64_TO_32_BIT_CONVERSION = YES;
				GCC_WARN_ABOUT_RETURN_TYPE = YES_ERROR;
				GCC_WARN_UNDECLARED_SELECTOR = YES;
				GCC_WARN_UNINITIALIZED_AUTOS = YES_AGGRESSIVE;
				GCC_WARN_UNUSED_FUNCTION = YES;
				GCC_WARN_UNUSED_VARIABLE = YES;
				IPHONEOS_DEPLOYMENT_TARGET = 12.2;
				MTL_ENABLE_DEBUG_INFO = NO;
				MTL_FAST_MATH = YES;
				SDKROOT = iphoneos;
				SWIFT_COMPILATION_MODE = wholemodule;
				SWIFT_OPTIMIZATION_LEVEL = "-O";
				VALIDATE_PRODUCT = YES;
			};
			name = Release;
		};
		331C03FE2261778500173FE8 /* Debug */ = {
			isa = XCBuildConfiguration;
			buildSettings = {
				ASSETCATALOG_COMPILER_APPICON_NAME = AppIcon;
				CODE_SIGN_STYLE = Automatic;
				DEVELOPMENT_TEAM = DZPZD745C7;
				INFOPLIST_FILE = WeatherApp/Info.plist;
				LD_RUNPATH_SEARCH_PATHS = (
					"$(inherited)",
					"@executable_path/Frameworks",
				);
				PRODUCT_BUNDLE_IDENTIFIER = WA.WeatherApp;
				PRODUCT_NAME = "$(TARGET_NAME)";
				SWIFT_VERSION = 5.0;
				TARGETED_DEVICE_FAMILY = "1,2";
			};
			name = Debug;
		};
		331C03FF2261778500173FE8 /* Release */ = {
			isa = XCBuildConfiguration;
			buildSettings = {
				ASSETCATALOG_COMPILER_APPICON_NAME = AppIcon;
				CODE_SIGN_STYLE = Automatic;
				DEVELOPMENT_TEAM = DZPZD745C7;
				INFOPLIST_FILE = WeatherApp/Info.plist;
				LD_RUNPATH_SEARCH_PATHS = (
					"$(inherited)",
					"@executable_path/Frameworks",
				);
				PRODUCT_BUNDLE_IDENTIFIER = WA.WeatherApp;
				PRODUCT_NAME = "$(TARGET_NAME)";
				SWIFT_VERSION = 5.0;
				TARGETED_DEVICE_FAMILY = "1,2";
			};
			name = Release;
		};
/* End XCBuildConfiguration section */

/* Begin XCConfigurationList section */
		331C03E62261778200173FE8 /* Build configuration list for PBXProject "WeatherApp" */ = {
			isa = XCConfigurationList;
			buildConfigurations = (
				331C03FB2261778500173FE8 /* Debug */,
				331C03FC2261778500173FE8 /* Release */,
			);
			defaultConfigurationIsVisible = 0;
			defaultConfigurationName = Release;
		};
		331C03FD2261778500173FE8 /* Build configuration list for PBXNativeTarget "WeatherApp" */ = {
			isa = XCConfigurationList;
			buildConfigurations = (
				331C03FE2261778500173FE8 /* Debug */,
				331C03FF2261778500173FE8 /* Release */,
			);
			defaultConfigurationIsVisible = 0;
			defaultConfigurationName = Release;
		};
/* End XCConfigurationList section */
	};
	rootObject = 331C03E32261778200173FE8 /* Project object */;
}
